github.com/gethugothemes/hugo-modules/adsense v0.0.0-20240228105219-38c9f9c6e062 h1:FfhCZZlmwXh8/EhaqzXlQb3EA7XLxZ4rT0+oCVZlrZk=
github.com/gethugothemes/hugo-modules/adsense v0.0.0-20240228105219-38c9f9c6e062/go.mod h1:8p/gG/cyyu20z4q5cFN/JGE5TOFA55Xsp+aIP9KCsqo=
github.com/gethugothemes/hugo-modules/components/cookie-consent v0.0.0-20240228105219-38c9f9c6e062 h1:5FMrsTi2mcmHzvFaubeswo/O/fZaab6mL1w4itYe8b4=
github.com/gethugothemes/hugo-modules/components/cookie-consent v0.0.0-20240228105219-38c9f9c6e062/go.mod h1:511ERLpGe3ZTfV2z/NAtUSR5NqKF26h9z5lU/zYV4YQ=
github.com/gethugothemes/hugo-modules/components/crisp-chat v0.0.0-20240228105219-38c9f9c6e062 h1:S14kecSs0z/HiGsc/bZ+bHeqFFNzfAWirJhRNfZiJcI=
github.com/gethugothemes/hugo-modules/components/crisp-chat v0.0.0-20240228105219-38c9f9c6e062/go.mod h1:qiV/PIeVY59RD2W885rFWc7b62uovQZO6VPFHeP5LT0=
github.com/gethugothemes/hugo-modules/components/custom-script v0.0.0-20240228105219-38c9f9c6e062 h1:pRLK5Ulmzt2i9uC8AMIeHfumVrJvmfiS/udyWhQXLBU=
github.com/gethugothemes/hugo-modules/components/custom-script v0.0.0-20240228105219-38c9f9c6e062/go.mod h1:RuDHq4WnK8sNEzAIJr4BZQ7oXhzcct/EKaAxc2Xvi9E=
github.com/gethugothemes/hugo-modules/components/preloader v0.0.0-20240228105219-38c9f9c6e062 h1:ALGBPfOwWe+Fu09oiB1/YizijOeNsnXvpJPSOjckjUA=
github.com/gethugothemes/hugo-modules/components/preloader v0.0.0-20240228105219-38c9f9c6e062/go.mod h1:FP0iQ3tMOesuWFZhLst2KEvUEYPb5Jk1GW+QBP9lrwg=
github.com/gethugothemes/hugo-modules/components/render-link v0.0.0-20240228105219-38c9f9c6e062 h1:hdVg2WqfLKcNp8CW1e80A5aQWOnJPN1OnkbtlvBvOOA=
github.com/gethugothemes/hugo-modules/components/render-link v0.0.0-20240228105219-38c9f9c6e062/go.mod h1:z3YcIeEBUonAoRDY1/Jv1ojNVkZ5ud35a0Nn8L4Inx0=
github.com/gethugothemes/hugo-modules/components/social-share v0.0.0-20240228105219-38c9f9c6e062 h1:HDfJzFRNXD3DYWHUmJWLthuMw1VKv9vF3A2DASJhBbQ=
github.com/gethugothemes/hugo-modules/components/social-share v0.0.0-20240228105219-38c9f9c6e062/go.mod h1:Gcj4RM/EBECsJMZnPeWjfy/1roRYGqzV9GYNmeHkvFA=
github.com/gethugothemes/hugo-modules/components/valine-comment v0.0.0-20240228105219-38c9f9c6e062 h1:stPuuA+ZIPg7cjMKkZ82HkBTW1QMo5otJOQwqpgLrMM=
github.com/gethugothemes/hugo-modules/components/valine-comment v0.0.0-20240228105219-38c9f9c6e062/go.mod h1:fqeY2MbVoFf9OB8dtyJTnfNNa3qChIX9wsY32VVBYrQ=
github.com/gethugothemes/hugo-modules/gzip-caching v0.0.0-20240228105219-38c9f9c6e062 h1:yCS+IPHjDi0pLoPxzjYLKWP5VJ3mMtF+03ZcN+caSEc=
github.com/gethugothemes/hugo-modules/gzip-caching v0.0.0-20240228105219-38c9f9c6e062/go.mod h1:0ZMjTZVG4XLZU2/icc8Saqo4mmgMpfRTrUZU2Aa2Pwg=
github.com/gethugothemes/hugo-modules/icons/themify-icons v0.0.0-20240228105219-38c9f9c6e062 h1:/VTv6+Ul9aHsLbOKzrctLmzMsjdNNVA/jImRLRbmSpk=
github.com/gethugothemes/hugo-modules/icons/themify-icons v0.0.0-20240228105219-38c9f9c6e062/go.mod h1:hWopv9exSUsFbNUzWemaFvPdyPay0lrqTMHkJXi4n+Y=
github.com/gethugothemes/hugo-modules/images v0.0.0-20240228105219-38c9f9c6e062 h1:HScpsHzGHkGqS1/rFhFIeLkS6m3SkGdj2ytLmFxjCyY=
github.com/gethugothemes/hugo-modules/images v0.0.0-20240228105219-38c9f9c6e062/go.mod h1:FKliP3qOW9diIcQeLtyZ0Hdhg3PL8bdAkC/6O+XtU90=
github.com/gethugothemes/hugo-modules/pwa v0.0.0-20240228105219-38c9f9c6e062 h1:n6Cw6J54CZLt6HzHdxCLhf62lkBir5xXgKevRBdUwys=
github.com/gethugothemes/hugo-modules/pwa v0.0.0-20240228105219-38c9f9c6e062/go.mod h1:TRv7iszdfo37O1PbBEE+S8X/enAdpRIxK5DGrp13Qbo=
github.com/gethugothemes/hugo-modules/search v0.0.0-20240228105219-38c9f9c6e062 h1:D3fF1aHgxftk7rum+zdzeQ/lLhguyamoZ51mg6CDt0s=
github.com/gethugothemes/hugo-modules/search v0.0.0-20240228105219-38c9f9c6e062/go.mod h1:tmDvLaZCM+QDvS/WLZXNjY1QTdWh7/68D2wIToECbyA=
github.com/gethugothemes/hugo-modules/seo-tools/basic-seo v0.0.0-20240228105219-38c9f9c6e062 h1:B0/vJSOFXSX12zgz6YoqEfTbFeDQDlDsNYkBLD+qqAo=
github.com/gethugothemes/hugo-modules/seo-tools/basic-seo v0.0.0-20240228105219-38c9f9c6e062/go.mod h1:Q8dPgjamV7pxwKSQyWV21Xwh5CGi23/k+M8HPTphYbs=
github.com/gethugothemes/hugo-modules/seo-tools/google-tag-manager v0.0.0-20240228105219-38c9f9c6e062 h1:+4W7MTJ0PA+kP25DMItI7pTH8jNHdyTTE7QhOtKzZZc=
github.com/gethugothemes/hugo-modules/seo-tools/google-tag-manager v0.0.0-20240228105219-38c9f9c6e062/go.mod h1:cCq50yd55eFTrpqOfeyOK5X0hU5E7qxsqOD7IzTsgLA=
github.com/gethugothemes/hugo-modules/seo-tools/site-verifications v0.0.0-20240228105219-38c9f9c6e062 h1:UX1v5sNUygLnXfUpnJv2y9NUpQSBNboXxlmNLMexuI4=
github.com/gethugothemes/hugo-modules/seo-tools/site-verifications v0.0.0-20240228105219-38c9f9c6e062/go.mod h1:iXielaya126qJscz7Bc2G2WB91moloQOoWru6UoBUyE=
github.com/gethugothemes/hugo-modules/shortcodes/buttons v0.0.0-20240228105219-38c9f9c6e062 h1:v1R5UrPl1HKoEv3dc9Aef1fEeY6YGo39fN9zFNo5mNE=
github.com/gethugothemes/hugo-modules/shortcodes/buttons v0.0.0-20240228105219-38c9f9c6e062/go.mod h1:hK/aFl0KkirVRFYnljg3c0qBAOwk4W5Isd+YN7UDMvg=
github.com/gethugothemes/hugo-modules/shortcodes/codepen v0.0.0-20240228105219-38c9f9c6e062 h1:V0m5q3RnvUDarH39c3k5HNBbA5Cc/sRECfYz2su9xiw=
github.com/gethugothemes/hugo-modules/shortcodes/codepen v0.0.0-20240228105219-38c9f9c6e062/go.mod h1:Y4eAJ7fkCSC6k6fl1+qF4DIoRepAYyB9Om4kBCAixcg=
github.com/gethugothemes/hugo-modules/shortcodes/collapse v0.0.0-20240228105219-38c9f9c6e062 h1:c777mVc/45ACUAODkqBl8EyI4YpkTRuH61V1RpewBcY=
github.com/gethugothemes/hugo-modules/shortcodes/collapse v0.0.0-20240228105219-38c9f9c6e062/go.mod h1:rBCFuR+QzMk0S1npR0zVDzgocFncOmyxWToJlRw4ZxU=
github.com/gethugothemes/hugo-modules/shortcodes/gallery v0.0.0-20240228105219-38c9f9c6e062 h1:cUhzdtFywS0lWb2zFyfNoXSemzvRGXwIV7LS6h5aiI4=
github.com/gethugothemes/hugo-modules/shortcodes/gallery v0.0.0-20240228105219-38c9f9c6e062/go.mod h1:nPS/s/W7rrOwgt46g4/tOkBhiJzg61M6AzUbGbNTNKY=
github.com/gethugothemes/hugo-modules/shortcodes/notice v0.0.0-20240228105219-38c9f9c6e062 h1:BDpkaX1QiHZ20xGv6JoMXzyqwT6tal3j0izM9Pr+3SI=
github.com/gethugothemes/hugo-modules/shortcodes/notice v0.0.0-20240228105219-38c9f9c6e062/go.mod h1:ljWyMJx82WA+6SlKjbGFhEdxcriyvUTCjXkJHDa4lho=
github.com/gethugothemes/hugo-modules/shortcodes/table-of-contents v0.0.0-20240228105219-38c9f9c6e062 h1:Cc6mZHmCX0yOqVePe+P4egXVqO9nwKcC/9qL6WFmibM=
github.com/gethugothemes/hugo-modules/shortcodes/table-of-contents v0.0.0-20240228105219-38c9f9c6e062/go.mod h1:LKCp/rg9cHtfjHpIEYmpR8kuauI8JNN79nmdkFURXp0=
github.com/gethugothemes/hugo-modules/shortcodes/tabs v0.0.0-20240228105219-38c9f9c6e062 h1:O9V2XJBUhRJwCmX6kJdqPhmKXZfRgJEySgCd6Mpp010=
github.com/gethugothemes/hugo-modules/shortcodes/tabs v0.0.0-20240228105219-38c9f9c6e062/go.mod h1:zaQhvQgsSOWfSm/zP3NbWWEfrxgrcdpBblljz2IA2vA=
github.com/gethugothemes/hugo-modules/shortcodes/video v0.0.0-20240228105219-38c9f9c6e062 h1:v1y7rku8jPGV7FtsAAk1bmCjTxogaur+8HQ1b1LxrJM=
github.com/gethugothemes/hugo-modules/shortcodes/video v0.0.0-20240228105219-38c9f9c6e062/go.mod h1:s5CHMBd7/NalnckFfRhZJvqXPY/QTrluDvRgZm7+Cr0=
github.com/gethugothemes/hugo-modules/videos v0.0.0-20240228105219-38c9f9c6e062 h1:73T8T6ONM7zJDZYXhrZEs+EUMl7n1JYy12H9YyCgZPQ=
github.com/gethugothemes/hugo-modules/videos v0.0.0-20240228105219-38c9f9c6e062/go.mod h1:P722lLWdnNhdZVq6gvMrOLqECUwrAYQWaOWlChta5H0=
github.com/gohugoio/hugo-mod-bootstrap-scss/v5 v5.20300.20200 h1:SmpwwN3DNzJWbV+IT8gaFu07ENUFpCvKou5BHYUKuVs=
github.com/gohugoio/hugo-mod-bootstrap-scss/v5 v5.20300.20200/go.mod h1:kx8MBj9T7SFR8ZClWvKZPmmUxBaltkoXvnWlZZcSnYA=
github.com/gohugoio/hugo-mod-jslibs-dist/popperjs/v2 v2.21100.20000/go.mod h1:mFberT6ZtcchrsDtfvJM7aAH2bDKLdOnruUHl0hlapI=
github.com/twbs/bootstrap v5.3.2+incompatible/go.mod h1:fZTSrkpSf0/HkL0IIJzvVspTt1r9zuf7XlZau8kpcY0=
